<?xml version="1.0" encoding="utf-8"?>
<Project ToolsVersion="4.0" xmlns="http://schemas.microsoft.com/developer/msbuild/2003">
  <ItemGroup>
    <Filter Include="Source Files">
      <UniqueIdentifier>{C8BA5E20-645E-41E0-8511-B3826B97E62D}</UniqueIdentifier>
    </Filter>
    <Filter Include="Header Files">
      <UniqueIdentifier>{93F4571D-7DC9-4425-85FD-FCBF32F690C5}</UniqueIdentifier>
    </Filter>
  </ItemGroup>
  <ItemGroup>
    <ClCompile Include="M3PageNavigationHostTests.cpp">
      <Filter>Source Files</Filter>
    </ClCompile>
    <ClCompile Include="..\Windows\M3PageNavigationHost.cpp">
      <Filter>Source Files</Filter>
    </ClCompile>
    <ClCompile Include="..\Windows\M3Menu.cpp">
      <Filter>Source Files</Filter>
    </ClCompile>
    <ClCompile Include="..\Windows\M3SearchField.cpp">
      <Filter>Source Files</Filter>
    </ClCompile>
    <ClCompile Include="..\Windows\RegexBuilderDialog.cpp">
      <Filter>Source Files</Filter>
    </ClCompile>
    <ClCompile Include="..\Windows\M3RegexExecutionPolicy.cpp">
      <Filter>Source Files</Filter>
    </ClCompile>
    <ClCompile Include="..\Windows\M3DialogHost.cpp">
      <Filter>Source Files</Filter>
    </ClCompile>
    <ClCompile Include="..\..\MiscHelpers\Common\MaterialTheme.cpp">
      <Filter>Source Files</Filter>
    </ClCompile>
    <ClCompile Include="..\..\MiscHelpers\Common\M3Tokens.cpp">
      <Filter>Source Files</Filter>
    </ClCompile>
  </ItemGroup>
  <ItemGroup>
    <QtMoc Include="..\Windows\M3PageNavigationHost.h">
      <Filter>Header Files</Filter>
    </QtMoc>
    <QtMoc Include="..\Windows\M3Menu.h">
      <Filter>Header Files</Filter>
    </QtMoc>
    <QtMoc Include="..\Windows\M3SearchField.h">
      <Filter>Header Files</Filter>
    </QtMoc>
    <QtMoc Include="..\Windows\RegexBuilderDialog.h">
      <Filter>Header Files</Filter>
    </QtMoc>
  </ItemGroup>
</Project>
